
Microsoft Visual Studio Solution File, Format Version 12.00
# Visual Studio Version 16
VisualStudioVersion = 16.0.30330.147
MinimumVisualStudioVersion = 10.0.40219.1
Project("{FAE04EC0-301F-11D3-BF4B-00C04F79EFBC}") = "MiniChallenge4", "MiniChallenge4\MiniChallenge4.csproj", "{87532E61-B5EF-4BF4-AF07-B61DD1454982}"
EndProject
Global
	GlobalSection(SolutionConfigurationPlatforms) = preSolution
		Debug|Any CPU = Debug|Any CPU
		Release|Any CPU = Release|Any CPU
	EndGlobalSection
	GlobalSection(ProjectConfigurationPlatforms) = postSolution
		{87532E61-B5EF-4BF4-AF07-B61DD1454982}.Debug|Any CPU.ActiveCfg = Debug|Any CPU
		{87532E61-B5EF-4BF4-AF07-B61DD1454982}.Debug|Any CPU.Build.0 = Debug|Any CPU
		{87532E61-B5EF-4BF4-AF07-B61DD1454982}.Release|Any CPU.ActiveCfg = Release|Any CPU
		{87532E61-B5EF-4BF4-AF07-B61DD1454982}.Release|Any CPU.Build.0 = Release|Any CPU
	EndGlobalSection
	GlobalSection(SolutionProperties) = preSolution
		HideSolutionNode = FALSE
	EndGlobalSection
	GlobalSection(ExtensibilityGlobals) = postSolution
		SolutionGuid = {C91BFB28-629B-4409-BBF3-C1E2B89B7B88}
	EndGlobalSection
EndGlobal
