
Microsoft Visual Studio Solution File, Format Version 12.00
# Visual Studio Version 16
VisualStudioVersion = 16.0.30330.147
MinimumVisualStudioVersion = 10.0.40219.1
Project("{FAE04EC0-301F-11D3-BF4B-00C04F79EFBC}") = "MiniChallenge1", "MiniChallenge1\MiniChallenge1.csproj", "{5189211A-8C75-4B5E-BF32-FFCEE2B7B93C}"
EndProject
Global
	GlobalSection(SolutionConfigurationPlatforms) = preSolution
		Debug|Any CPU = Debug|Any CPU
		Release|Any CPU = Release|Any CPU
	EndGlobalSection
	GlobalSection(ProjectConfigurationPlatforms) = postSolution
		{5189211A-8C75-4B5E-BF32-FFCEE2B7B93C}.Debug|Any CPU.ActiveCfg = Debug|Any CPU
		{5189211A-8C75-4B5E-BF32-FFCEE2B7B93C}.Debug|Any CPU.Build.0 = Debug|Any CPU
		{5189211A-8C75-4B5E-BF32-FFCEE2B7B93C}.Release|Any CPU.ActiveCfg = Release|Any CPU
		{5189211A-8C75-4B5E-BF32-FFCEE2B7B93C}.Release|Any CPU.Build.0 = Release|Any CPU
	EndGlobalSection
	GlobalSection(SolutionProperties) = preSolution
		HideSolutionNode = FALSE
	EndGlobalSection
	GlobalSection(ExtensibilityGlobals) = postSolution
		SolutionGuid = {D21FF322-116C-4DB2-AB3B-0B9D9D9648D2}
	EndGlobalSection
EndGlobal
