
Microsoft Visual Studio Solution File, Format Version 12.00
# Visual Studio Version 16
VisualStudioVersion = 16.0.30330.147
MinimumVisualStudioVersion = 10.0.40219.1
Project("{FAE04EC0-301F-11D3-BF4B-00C04F79EFBC}") = "MiniChallenge5", "MiniChallenge5\MiniChallenge5.csproj", "{6DF5F5CE-59F1-4F28-99A6-3ABA0C90D15A}"
EndProject
Global
	GlobalSection(SolutionConfigurationPlatforms) = preSolution
		Debug|Any CPU = Debug|Any CPU
		Release|Any CPU = Release|Any CPU
	EndGlobalSection
	GlobalSection(ProjectConfigurationPlatforms) = postSolution
		{6DF5F5CE-59F1-4F28-99A6-3ABA0C90D15A}.Debug|Any CPU.ActiveCfg = Debug|Any CPU
		{6DF5F5CE-59F1-4F28-99A6-3ABA0C90D15A}.Debug|Any CPU.Build.0 = Debug|Any CPU
		{6DF5F5CE-59F1-4F28-99A6-3ABA0C90D15A}.Release|Any CPU.ActiveCfg = Release|Any CPU
		{6DF5F5CE-59F1-4F28-99A6-3ABA0C90D15A}.Release|Any CPU.Build.0 = Release|Any CPU
	EndGlobalSection
	GlobalSection(SolutionProperties) = preSolution
		HideSolutionNode = FALSE
	EndGlobalSection
	GlobalSection(ExtensibilityGlobals) = postSolution
		SolutionGuid = {FC5CB3C5-5DB8-4C41-A659-28A63D945AD0}
	EndGlobalSection
EndGlobal
